
Microsoft Visual Studio Solution File, Format Version 12.00
# Visual Studio 15
VisualStudioVersion = 15.0.27130.2027
MinimumVisualStudioVersion = 10.0.40219.1
Project("{FAE04EC0-301F-11D3-BF4B-00C04F79EFBC}") = "XamarinApp.Android", "XamarinApp\XamarinApp.Android\XamarinApp.Android.csproj", "{E389A799-6320-4E33-8B45-21A3D80D4793}"
EndProject
Project("{FAE04EC0-301F-11D3-BF4B-00C04F79EFBC}") = "XamarinApp.iOS", "XamarinApp\XamarinApp.iOS\XamarinApp.iOS.csproj", "{F2DEF137-7D78-4111-A16D-D479EF470444}"
EndProject
Project("{FAE04EC0-301F-11D3-BF4B-00C04F79EFBC}") = "XamarinApp.UWP", "XamarinApp\XamarinApp.UWP\XamarinApp.UWP.csproj", "{4DF9059F-837F-4582-B8E2-F34290AA0359}"
EndProject
Project("{FAE04EC0-301F-11D3-BF4B-00C04F79EFBC}") = "XamarinApp", "XamarinApp\XamarinApp\XamarinApp.csproj", "{5DAE0330-DC96-4714-A600-F25863315AFC}"
EndProject
Global
	GlobalSection(SolutionConfigurationPlatforms) = preSolution
		Ad-Hoc|Any CPU = Ad-Hoc|Any CPU
		Ad-Hoc|ARM = Ad-Hoc|ARM
		Ad-Hoc|iPhone = Ad-Hoc|iPhone
		Ad-Hoc|iPhoneSimulator = Ad-Hoc|iPhoneSimulator
		Ad-Hoc|x64 = Ad-Hoc|x64
		Ad-Hoc|x86 = Ad-Hoc|x86
		AppStore|Any CPU = AppStore|Any CPU
		AppStore|ARM = AppStore|ARM
		AppStore|iPhone = AppStore|iPhone
		AppStore|iPhoneSimulator = AppStore|iPhoneSimulator
		AppStore|x64 = AppStore|x64
		AppStore|x86 = AppStore|x86
		Debug|Any CPU = Debug|Any CPU
		Debug|ARM = Debug|ARM
		Debug|iPhone = Debug|iPhone
		Debug|iPhoneSimulator = Debug|iPhoneSimulator
		Debug|x64 = Debug|x64
		Debug|x86 = Debug|x86
		Release|Any CPU = Release|Any CPU
		Release|ARM = Release|ARM
		Release|iPhone = Release|iPhone
		Release|iPhoneSimulator = Release|iPhoneSimulator
		Release|x64 = Release|x64
		Release|x86 = Release|x86
	EndGlobalSection
	GlobalSection(ProjectConfigurationPlatforms) = postSolution
		{E389A799-6320-4E33-8B45-21A3D80D4793}.Ad-Hoc|Any CPU.ActiveCfg = Release|Any CPU
		{E389A799-6320-4E33-8B45-21A3D80D4793}.Ad-Hoc|Any CPU.Build.0 = Release|Any CPU
		{E389A799-6320-4E33-8B45-21A3D80D4793}.Ad-Hoc|Any CPU.Deploy.0 = Release|Any CPU
		{E389A799-6320-4E33-8B45-21A3D80D4793}.Ad-Hoc|ARM.ActiveCfg = Release|Any CPU
		{E389A799-6320-4E33-8B45-21A3D80D4793}.Ad-Hoc|ARM.Build.0 = Release|Any CPU
		{E389A799-6320-4E33-8B45-21A3D80D4793}.Ad-Hoc|ARM.Deploy.0 = Release|Any CPU
		{E389A799-6320-4E33-8B45-21A3D80D4793}.Ad-Hoc|iPhone.ActiveCfg = Release|Any CPU
		{E389A799-6320-4E33-8B45-21A3D80D4793}.Ad-Hoc|iPhone.Build.0 = Release|Any CPU
		{E389A799-6320-4E33-8B45-21A3D80D4793}.Ad-Hoc|iPhone.Deploy.0 = Release|Any CPU
		{E389A799-6320-4E33-8B45-21A3D80D4793}.Ad-Hoc|iPhoneSimulator.ActiveCfg = Release|Any CPU
		{E389A799-6320-4E33-8B45-21A3D80D4793}.Ad-Hoc|iPhoneSimulator.Build.0 = Release|Any CPU
		{E389A799-6320-4E33-8B45-21A3D80D4793}.Ad-Hoc|iPhoneSimulator.Deploy.0 = Release|Any CPU
		{E389A799-6320-4E33-8B45-21A3D80D4793}.Ad-Hoc|x64.ActiveCfg = Release|Any CPU
		{E389A799-6320-4E33-8B45-21A3D80D4793}.Ad-Hoc|x64.Build.0 = Release|Any CPU
		{E389A799-6320-4E33-8B45-21A3D80D4793}.Ad-Hoc|x64.Deploy.0 = Release|Any CPU
		{E389A799-6320-4E33-8B45-21A3D80D4793}.Ad-Hoc|x86.ActiveCfg = Release|Any CPU
		{E389A799-6320-4E33-8B45-21A3D80D4793}.Ad-Hoc|x86.Build.0 = Release|Any CPU
		{E389A799-6320-4E33-8B45-21A3D80D4793}.Ad-Hoc|x86.Deploy.0 = Release|Any CPU
		{E389A799-6320-4E33-8B45-21A3D80D4793}.AppStore|Any CPU.ActiveCfg = Release|Any CPU
		{E389A799-6320-4E33-8B45-21A3D80D4793}.AppStore|Any CPU.Build.0 = Release|Any CPU
		{E389A799-6320-4E33-8B45-21A3D80D4793}.AppStore|Any CPU.Deploy.0 = Release|Any CPU
		{E389A799-6320-4E33-8B45-21A3D80D4793}.AppStore|ARM.ActiveCfg = Release|Any CPU
		{E389A799-6320-4E33-8B45-21A3D80D4793}.AppStore|ARM.Build.0 = Release|Any CPU
		{E389A799-6320-4E33-8B45-21A3D80D4793}.AppStore|ARM.Deploy.0 = Release|Any CPU
		{E389A799-6320-4E33-8B45-21A3D80D4793}.AppStore|iPhone.ActiveCfg = Release|Any CPU
		{E389A799-6320-4E33-8B45-21A3D80D4793}.AppStore|iPhone.Build.0 = Release|Any CPU
		{E389A799-6320-4E33-8B45-21A3D80D4793}.AppStore|iPhone.Deploy.0 = Release|Any CPU
		{E389A799-6320-4E33-8B45-21A3D80D4793}.AppStore|iPhoneSimulator.ActiveCfg = Release|Any CPU
		{E389A799-6320-4E33-8B45-21A3D80D4793}.AppStore|iPhoneSimulator.Build.0 = Release|Any CPU
		{E389A799-6320-4E33-8B45-21A3D80D4793}.AppStore|iPhoneSimulator.Deploy.0 = Release|Any CPU
		{E389A799-6320-4E33-8B45-21A3D80D4793}.AppStore|x64.ActiveCfg = Release|Any CPU
		{E389A799-6320-4E33-8B45-21A3D80D4793}.AppStore|x64.Build.0 = Release|Any CPU
		{E389A799-6320-4E33-8B45-21A3D80D4793}.AppStore|x64.Deploy.0 = Release|Any CPU
		{E389A799-6320-4E33-8B45-21A3D80D4793}.AppStore|x86.ActiveCfg = Release|Any CPU
		{E389A799-6320-4E33-8B45-21A3D80D4793}.AppStore|x86.Build.0 = Release|Any CPU
		{E389A799-6320-4E33-8B45-21A3D80D4793}.AppStore|x86.Deploy.0 = Release|Any CPU
		{E389A799-6320-4E33-8B45-21A3D80D4793}.Debug|Any CPU.ActiveCfg = Debug|Any CPU
		{E389A799-6320-4E33-8B45-21A3D80D4793}.Debug|Any CPU.Build.0 = Debug|Any CPU
		{E389A799-6320-4E33-8B45-21A3D80D4793}.Debug|Any CPU.Deploy.0 = Debug|Any CPU
		{E389A799-6320-4E33-8B45-21A3D80D4793}.Debug|ARM.ActiveCfg = Debug|Any CPU
		{E389A799-6320-4E33-8B45-21A3D80D4793}.Debug|ARM.Build.0 = Debug|Any CPU
		{E389A799-6320-4E33-8B45-21A3D80D4793}.Debug|ARM.Deploy.0 = Debug|Any CPU
		{E389A799-6320-4E33-8B45-21A3D80D4793}.Debug|iPhone.ActiveCfg = Debug|Any CPU
		{E389A799-6320-4E33-8B45-21A3D80D4793}.Debug|iPhone.Build.0 = Debug|Any CPU
		{E389A799-6320-4E33-8B45-21A3D80D4793}.Debug|iPhone.Deploy.0 = Debug|Any CPU
		{E389A799-6320-4E33-8B45-21A3D80D4793}.Debug|iPhoneSimulator.ActiveCfg = Debug|Any CPU
		{E389A799-6320-4E33-8B45-21A3D80D4793}.Debug|iPhoneSimulator.Build.0 = Debug|Any CPU
		{E389A799-6320-4E33-8B45-21A3D80D4793}.Debug|iPhoneSimulator.Deploy.0 = Debug|Any CPU
		{E389A799-6320-4E33-8B45-21A3D80D4793}.Debug|x64.ActiveCfg = Debug|Any CPU
		{E389A799-6320-4E33-8B45-21A3D80D4793}.Debug|x64.Build.0 = Debug|Any CPU
		{E389A799-6320-4E33-8B45-21A3D80D4793}.Debug|x64.Deploy.0 = Debug|Any CPU
		{E389A799-6320-4E33-8B45-21A3D80D4793}.Debug|x86.ActiveCfg = Debug|Any CPU
		{E389A799-6320-4E33-8B45-21A3D80D4793}.Debug|x86.Build.0 = Debug|Any CPU
		{E389A799-6320-4E33-8B45-21A3D80D4793}.Debug|x86.Deploy.0 = Debug|Any CPU
		{E389A799-6320-4E33-8B45-21A3D80D4793}.Release|Any CPU.ActiveCfg = Release|Any CPU
		{E389A799-6320-4E33-8B45-21A3D80D4793}.Release|Any CPU.Build.0 = Release|Any CPU
		{E389A799-6320-4E33-8B45-21A3D80D4793}.Release|Any CPU.Deploy.0 = Release|Any CPU
		{E389A799-6320-4E33-8B45-21A3D80D4793}.Release|ARM.ActiveCfg = Release|Any CPU
		{E389A799-6320-4E33-8B45-21A3D80D4793}.Release|ARM.Build.0 = Release|Any CPU
		{E389A799-6320-4E33-8B45-21A3D80D4793}.Release|ARM.Deploy.0 = Release|Any CPU
		{E389A799-6320-4E33-8B45-21A3D80D4793}.Release|iPhone.ActiveCfg = Release|Any CPU
		{E389A799-6320-4E33-8B45-21A3D80D4793}.Release|iPhone.Build.0 = Release|Any CPU
		{E389A799-6320-4E33-8B45-21A3D80D4793}.Release|iPhone.Deploy.0 = Release|Any CPU
		{E389A799-6320-4E33-8B45-21A3D80D4793}.Release|iPhoneSimulator.ActiveCfg = Release|Any CPU
		{E389A799-6320-4E33-8B45-21A3D80D4793}.Release|iPhoneSimulator.Build.0 = Release|Any CPU
		{E389A799-6320-4E33-8B45-21A3D80D4793}.Release|iPhoneSimulator.Deploy.0 = Release|Any CPU
		{E389A799-6320-4E33-8B45-21A3D80D4793}.Release|x64.ActiveCfg = Release|Any CPU
		{E389A799-6320-4E33-8B45-21A3D80D4793}.Release|x64.Build.0 = Release|Any CPU
		{E389A799-6320-4E33-8B45-21A3D80D4793}.Release|x64.Deploy.0 = Release|Any CPU
		{E389A799-6320-4E33-8B45-21A3D80D4793}.Release|x86.ActiveCfg = Release|Any CPU
		{E389A799-6320-4E33-8B45-21A3D80D4793}.Release|x86.Build.0 = Release|Any CPU
		{E389A799-6320-4E33-8B45-21A3D80D4793}.Release|x86.Deploy.0 = Release|Any CPU
		{F2DEF137-7D78-4111-A16D-D479EF470444}.Ad-Hoc|Any CPU.ActiveCfg = Ad-Hoc|iPhone
		{F2DEF137-7D78-4111-A16D-D479EF470444}.Ad-Hoc|ARM.ActiveCfg = Ad-Hoc|iPhone
		{F2DEF137-7D78-4111-A16D-D479EF470444}.Ad-Hoc|iPhone.ActiveCfg = Ad-Hoc|iPhone
		{F2DEF137-7D78-4111-A16D-D479EF470444}.Ad-Hoc|iPhone.Build.0 = Ad-Hoc|iPhone
		{F2DEF137-7D78-4111-A16D-D479EF470444}.Ad-Hoc|iPhoneSimulator.ActiveCfg = Ad-Hoc|iPhoneSimulator
		{F2DEF137-7D78-4111-A16D-D479EF470444}.Ad-Hoc|iPhoneSimulator.Build.0 = Ad-Hoc|iPhoneSimulator
		{F2DEF137-7D78-4111-A16D-D479EF470444}.Ad-Hoc|x64.ActiveCfg = Ad-Hoc|iPhone
		{F2DEF137-7D78-4111-A16D-D479EF470444}.Ad-Hoc|x86.ActiveCfg = Ad-Hoc|iPhone
		{F2DEF137-7D78-4111-A16D-D479EF470444}.AppStore|Any CPU.ActiveCfg = AppStore|iPhone
		{F2DEF137-7D78-4111-A16D-D479EF470444}.AppStore|ARM.ActiveCfg = AppStore|iPhone
		{F2DEF137-7D78-4111-A16D-D479EF470444}.AppStore|iPhone.ActiveCfg = AppStore|iPhone
		{F2DEF137-7D78-4111-A16D-D479EF470444}.AppStore|iPhone.Build.0 = AppStore|iPhone
		{F2DEF137-7D78-4111-A16D-D479EF470444}.AppStore|iPhoneSimulator.ActiveCfg = AppStore|iPhoneSimulator
		{F2DEF137-7D78-4111-A16D-D479EF470444}.AppStore|iPhoneSimulator.Build.0 = AppStore|iPhoneSimulator
		{F2DEF137-7D78-4111-A16D-D479EF470444}.AppStore|x64.ActiveCfg = AppStore|iPhone
		{F2DEF137-7D78-4111-A16D-D479EF470444}.AppStore|x86.ActiveCfg = AppStore|iPhone
		{F2DEF137-7D78-4111-A16D-D479EF470444}.Debug|Any CPU.ActiveCfg = Debug|iPhone
		{F2DEF137-7D78-4111-A16D-D479EF470444}.Debug|ARM.ActiveCfg = Debug|iPhone
		{F2DEF137-7D78-4111-A16D-D479EF470444}.Debug|iPhone.ActiveCfg = Debug|iPhone
		{F2DEF137-7D78-4111-A16D-D479EF470444}.Debug|iPhone.Build.0 = Debug|iPhone
		{F2DEF137-7D78-4111-A16D-D479EF470444}.Debug|iPhoneSimulator.ActiveCfg = Debug|iPhoneSimulator
		{F2DEF137-7D78-4111-A16D-D479EF470444}.Debug|iPhoneSimulator.Build.0 = Debug|iPhoneSimulator
		{F2DEF137-7D78-4111-A16D-D479EF470444}.Debug|x64.ActiveCfg = Debug|iPhone
		{F2DEF137-7D78-4111-A16D-D479EF470444}.Debug|x86.ActiveCfg = Debug|iPhone
		{F2DEF137-7D78-4111-A16D-D479EF470444}.Release|Any CPU.ActiveCfg = Release|iPhone
		{F2DEF137-7D78-4111-A16D-D479EF470444}.Release|ARM.ActiveCfg = Release|iPhone
		{F2DEF137-7D78-4111-A16D-D479EF470444}.Release|iPhone.ActiveCfg = Release|iPhone
		{F2DEF137-7D78-4111-A16D-D479EF470444}.Release|iPhone.Build.0 = Release|iPhone
		{F2DEF137-7D78-4111-A16D-D479EF470444}.Release|iPhoneSimulator.ActiveCfg = Release|iPhoneSimulator
		{F2DEF137-7D78-4111-A16D-D479EF470444}.Release|iPhoneSimulator.Build.0 = Release|iPhoneSimulator
		{F2DEF137-7D78-4111-A16D-D479EF470444}.Release|x64.ActiveCfg = Release|iPhone
		{F2DEF137-7D78-4111-A16D-D479EF470444}.Release|x86.ActiveCfg = Release|iPhone
		{4DF9059F-837F-4582-B8E2-F34290AA0359}.Ad-Hoc|Any CPU.ActiveCfg = Release|x86
		{4DF9059F-837F-4582-B8E2-F34290AA0359}.Ad-Hoc|Any CPU.Build.0 = Release|x86
		{4DF9059F-837F-4582-B8E2-F34290AA0359}.Ad-Hoc|Any CPU.Deploy.0 = Release|x86
		{4DF9059F-837F-4582-B8E2-F34290AA0359}.Ad-Hoc|ARM.ActiveCfg = Release|ARM
		{4DF9059F-837F-4582-B8E2-F34290AA0359}.Ad-Hoc|ARM.Build.0 = Release|ARM
		{4DF9059F-837F-4582-B8E2-F34290AA0359}.Ad-Hoc|ARM.Deploy.0 = Release|ARM
		{4DF9059F-837F-4582-B8E2-F34290AA0359}.Ad-Hoc|iPhone.ActiveCfg = Release|x86
		{4DF9059F-837F-4582-B8E2-F34290AA0359}.Ad-Hoc|iPhone.Build.0 = Release|x86
		{4DF9059F-837F-4582-B8E2-F34290AA0359}.Ad-Hoc|iPhone.Deploy.0 = Release|x86
		{4DF9059F-837F-4582-B8E2-F34290AA0359}.Ad-Hoc|iPhoneSimulator.ActiveCfg = Release|x86
		{4DF9059F-837F-4582-B8E2-F34290AA0359}.Ad-Hoc|iPhoneSimulator.Build.0 = Release|x86
		{4DF9059F-837F-4582-B8E2-F34290AA0359}.Ad-Hoc|iPhoneSimulator.Deploy.0 = Release|x86
		{4DF9059F-837F-4582-B8E2-F34290AA0359}.Ad-Hoc|x64.ActiveCfg = Release|x64
		{4DF9059F-837F-4582-B8E2-F34290AA0359}.Ad-Hoc|x64.Build.0 = Release|x64
		{4DF9059F-837F-4582-B8E2-F34290AA0359}.Ad-Hoc|x64.Deploy.0 = Release|x64
		{4DF9059F-837F-4582-B8E2-F34290AA0359}.Ad-Hoc|x86.ActiveCfg = Release|x86
		{4DF9059F-837F-4582-B8E2-F34290AA0359}.Ad-Hoc|x86.Build.0 = Release|x86
		{4DF9059F-837F-4582-B8E2-F34290AA0359}.Ad-Hoc|x86.Deploy.0 = Release|x86
		{4DF9059F-837F-4582-B8E2-F34290AA0359}.AppStore|Any CPU.ActiveCfg = Release|x86
		{4DF9059F-837F-4582-B8E2-F34290AA0359}.AppStore|Any CPU.Build.0 = Release|x86
		{4DF9059F-837F-4582-B8E2-F34290AA0359}.AppStore|Any CPU.Deploy.0 = Release|x86
		{4DF9059F-837F-4582-B8E2-F34290AA0359}.AppStore|ARM.ActiveCfg = Release|ARM
		{4DF9059F-837F-4582-B8E2-F34290AA0359}.AppStore|ARM.Build.0 = Release|ARM
		{4DF9059F-837F-4582-B8E2-F34290AA0359}.AppStore|ARM.Deploy.0 = Release|ARM
		{4DF9059F-837F-4582-B8E2-F34290AA0359}.AppStore|iPhone.ActiveCfg = Release|x86
		{4DF9059F-837F-4582-B8E2-F34290AA0359}.AppStore|iPhone.Build.0 = Release|x86
		{4DF9059F-837F-4582-B8E2-F34290AA0359}.AppStore|iPhone.Deploy.0 = Release|x86
		{4DF9059F-837F-4582-B8E2-F34290AA0359}.AppStore|iPhoneSimulator.ActiveCfg = Release|x86
		{4DF9059F-837F-4582-B8E2-F34290AA0359}.AppStore|iPhoneSimulator.Build.0 = Release|x86
		{4DF9059F-837F-4582-B8E2-F34290AA0359}.AppStore|iPhoneSimulator.Deploy.0 = Release|x86
		{4DF9059F-837F-4582-B8E2-F34290AA0359}.AppStore|x64.ActiveCfg = Release|x64
		{4DF9059F-837F-4582-B8E2-F34290AA0359}.AppStore|x64.Build.0 = Release|x64
		{4DF9059F-837F-4582-B8E2-F34290AA0359}.AppStore|x64.Deploy.0 = Release|x64
		{4DF9059F-837F-4582-B8E2-F34290AA0359}.AppStore|x86.ActiveCfg = Release|x86
		{4DF9059F-837F-4582-B8E2-F34290AA0359}.AppStore|x86.Build.0 = Release|x86
		{4DF9059F-837F-4582-B8E2-F34290AA0359}.AppStore|x86.Deploy.0 = Release|x86
		{4DF9059F-837F-4582-B8E2-F34290AA0359}.Debug|Any CPU.ActiveCfg = Debug|x86
		{4DF9059F-837F-4582-B8E2-F34290AA0359}.Debug|ARM.ActiveCfg = Debug|ARM
		{4DF9059F-837F-4582-B8E2-F34290AA0359}.Debug|ARM.Build.0 = Debug|ARM
		{4DF9059F-837F-4582-B8E2-F34290AA0359}.Debug|ARM.Deploy.0 = Debug|ARM
		{4DF9059F-837F-4582-B8E2-F34290AA0359}.Debug|iPhone.ActiveCfg = Debug|x86
		{4DF9059F-837F-4582-B8E2-F34290AA0359}.Debug|iPhoneSimulator.ActiveCfg = Debug|x86
		{4DF9059F-837F-4582-B8E2-F34290AA0359}.Debug|x64.ActiveCfg = Debug|x64
		{4DF9059F-837F-4582-B8E2-F34290AA0359}.Debug|x64.Build.0 = Debug|x64
		{4DF9059F-837F-4582-B8E2-F34290AA0359}.Debug|x64.Deploy.0 = Debug|x64
		{4DF9059F-837F-4582-B8E2-F34290AA0359}.Debug|x86.ActiveCfg = Debug|x86
		{4DF9059F-837F-4582-B8E2-F34290AA0359}.Debug|x86.Build.0 = Debug|x86
		{4DF9059F-837F-4582-B8E2-F34290AA0359}.Debug|x86.Deploy.0 = Debug|x86
		{4DF9059F-837F-4582-B8E2-F34290AA0359}.Release|Any CPU.ActiveCfg = Release|x86
		{4DF9059F-837F-4582-B8E2-F34290AA0359}.Release|ARM.ActiveCfg = Release|ARM
		{4DF9059F-837F-4582-B8E2-F34290AA0359}.Release|ARM.Build.0 = Release|ARM
		{4DF9059F-837F-4582-B8E2-F34290AA0359}.Release|ARM.Deploy.0 = Release|ARM
		{4DF9059F-837F-4582-B8E2-F34290AA0359}.Release|iPhone.ActiveCfg = Release|x86
		{4DF9059F-837F-4582-B8E2-F34290AA0359}.Release|iPhoneSimulator.ActiveCfg = Release|x86
		{4DF9059F-837F-4582-B8E2-F34290AA0359}.Release|x64.ActiveCfg = Release|x64
		{4DF9059F-837F-4582-B8E2-F34290AA0359}.Release|x64.Build.0 = Release|x64
		{4DF9059F-837F-4582-B8E2-F34290AA0359}.Release|x64.Deploy.0 = Release|x64
		{4DF9059F-837F-4582-B8E2-F34290AA0359}.Release|x86.ActiveCfg = Release|x86
		{4DF9059F-837F-4582-B8E2-F34290AA0359}.Release|x86.Build.0 = Release|x86
		{4DF9059F-837F-4582-B8E2-F34290AA0359}.Release|x86.Deploy.0 = Release|x86
		{5DAE0330-DC96-4714-A600-F25863315AFC}.Ad-Hoc|Any CPU.ActiveCfg = Debug|Any CPU
		{5DAE0330-DC96-4714-A600-F25863315AFC}.Ad-Hoc|Any CPU.Build.0 = Debug|Any CPU
		{5DAE0330-DC96-4714-A600-F25863315AFC}.Ad-Hoc|ARM.ActiveCfg = Debug|Any CPU
		{5DAE0330-DC96-4714-A600-F25863315AFC}.Ad-Hoc|ARM.Build.0 = Debug|Any CPU
		{5DAE0330-DC96-4714-A600-F25863315AFC}.Ad-Hoc|iPhone.ActiveCfg = Debug|Any CPU
		{5DAE0330-DC96-4714-A600-F25863315AFC}.Ad-Hoc|iPhone.Build.0 = Debug|Any CPU
		{5DAE0330-DC96-4714-A600-F25863315AFC}.Ad-Hoc|iPhoneSimulator.ActiveCfg = Debug|Any CPU
		{5DAE0330-DC96-4714-A600-F25863315AFC}.Ad-Hoc|iPhoneSimulator.Build.0 = Debug|Any CPU
		{5DAE0330-DC96-4714-A600-F25863315AFC}.Ad-Hoc|x64.ActiveCfg = Debug|Any CPU
		{5DAE0330-DC96-4714-A600-F25863315AFC}.Ad-Hoc|x64.Build.0 = Debug|Any CPU
		{5DAE0330-DC96-4714-A600-F25863315AFC}.Ad-Hoc|x86.ActiveCfg = Debug|Any CPU
		{5DAE0330-DC96-4714-A600-F25863315AFC}.Ad-Hoc|x86.Build.0 = Debug|Any CPU
		{5DAE0330-DC96-4714-A600-F25863315AFC}.AppStore|Any CPU.ActiveCfg = Debug|Any CPU
		{5DAE0330-DC96-4714-A600-F25863315AFC}.AppStore|Any CPU.Build.0 = Debug|Any CPU
		{5DAE0330-DC96-4714-A600-F25863315AFC}.AppStore|ARM.ActiveCfg = Debug|Any CPU
		{5DAE0330-DC96-4714-A600-F25863315AFC}.AppStore|ARM.Build.0 = Debug|Any CPU
		{5DAE0330-DC96-4714-A600-F25863315AFC}.AppStore|iPhone.ActiveCfg = Debug|Any CPU
		{5DAE0330-DC96-4714-A600-F25863315AFC}.AppStore|iPhone.Build.0 = Debug|Any CPU
		{5DAE0330-DC96-4714-A600-F25863315AFC}.AppStore|iPhoneSimulator.ActiveCfg = Debug|Any CPU
		{5DAE0330-DC96-4714-A600-F25863315AFC}.AppStore|iPhoneSimulator.Build.0 = Debug|Any CPU
		{5DAE0330-DC96-4714-A600-F25863315AFC}.AppStore|x64.ActiveCfg = Debug|Any CPU
		{5DAE0330-DC96-4714-A600-F25863315AFC}.AppStore|x64.Build.0 = Debug|Any CPU
		{5DAE0330-DC96-4714-A600-F25863315AFC}.AppStore|x86.ActiveCfg = Debug|Any CPU
		{5DAE0330-DC96-4714-A600-F25863315AFC}.AppStore|x86.Build.0 = Debug|Any CPU
		{5DAE0330-DC96-4714-A600-F25863315AFC}.Debug|Any CPU.ActiveCfg = Debug|Any CPU
		{5DAE0330-DC96-4714-A600-F25863315AFC}.Debug|Any CPU.Build.0 = Debug|Any CPU
		{5DAE0330-DC96-4714-A600-F25863315AFC}.Debug|ARM.ActiveCfg = Debug|Any CPU
		{5DAE0330-DC96-4714-A600-F25863315AFC}.Debug|ARM.Build.0 = Debug|Any CPU
		{5DAE0330-DC96-4714-A600-F25863315AFC}.Debug|iPhone.ActiveCfg = Debug|Any CPU
		{5DAE0330-DC96-4714-A600-F25863315AFC}.Debug|iPhone.Build.0 = Debug|Any CPU
		{5DAE0330-DC96-4714-A600-F25863315AFC}.Debug|iPhoneSimulator.ActiveCfg = Debug|Any CPU
		{5DAE0330-DC96-4714-A600-F25863315AFC}.Debug|iPhoneSimulator.Build.0 = Debug|Any CPU
		{5DAE0330-DC96-4714-A600-F25863315AFC}.Debug|x64.ActiveCfg = Debug|Any CPU
		{5DAE0330-DC96-4714-A600-F25863315AFC}.Debug|x64.Build.0 = Debug|Any CPU
		{5DAE0330-DC96-4714-A600-F25863315AFC}.Debug|x86.ActiveCfg = Debug|Any CPU
		{5DAE0330-DC96-4714-A600-F25863315AFC}.Debug|x86.Build.0 = Debug|Any CPU
		{5DAE0330-DC96-4714-A600-F25863315AFC}.Release|Any CPU.ActiveCfg = Release|Any CPU
		{5DAE0330-DC96-4714-A600-F25863315AFC}.Release|Any CPU.Build.0 = Release|Any CPU
		{5DAE0330-DC96-4714-A600-F25863315AFC}.Release|ARM.ActiveCfg = Release|Any CPU
		{5DAE0330-DC96-4714-A600-F25863315AFC}.Release|ARM.Build.0 = Release|Any CPU
		{5DAE0330-DC96-4714-A600-F25863315AFC}.Release|iPhone.ActiveCfg = Release|Any CPU
		{5DAE0330-DC96-4714-A600-F25863315AFC}.Release|iPhone.Build.0 = Release|Any CPU
		{5DAE0330-DC96-4714-A600-F25863315AFC}.Release|iPhoneSimulator.ActiveCfg = Release|Any CPU
		{5DAE0330-DC96-4714-A600-F25863315AFC}.Release|iPhoneSimulator.Build.0 = Release|Any CPU
		{5DAE0330-DC96-4714-A600-F25863315AFC}.Release|x64.ActiveCfg = Release|Any CPU
		{5DAE0330-DC96-4714-A600-F25863315AFC}.Release|x64.Build.0 = Release|Any CPU
		{5DAE0330-DC96-4714-A600-F25863315AFC}.Release|x86.ActiveCfg = Release|Any CPU
		{5DAE0330-DC96-4714-A600-F25863315AFC}.Release|x86.Build.0 = Release|Any CPU
	EndGlobalSection
	GlobalSection(SolutionProperties) = preSolution
		HideSolutionNode = FALSE
	EndGlobalSection
	GlobalSection(ExtensibilityGlobals) = postSolution
		SolutionGuid = {E38C6AD6-11E5-49D5-8031-6D55522E4334}
	EndGlobalSection
EndGlobal
